
Microsoft Visual Studio Solution File, Format Version 11.00
# Visual Studio 2010
Project("{FAE04EC0-301F-11D3-BF4B-00C04F79EFBC}") = "UnityEngine.TestRunner", "UnityEngine.TestRunner.csproj", "{ab338c2d-661d-0756-c48e-db2266e79871}"
EndProject
Project("{FAE04EC0-301F-11D3-BF4B-00C04F79EFBC}") = "Unity.2D.Animation.Triangle.Runtime", "Unity.2D.Animation.Triangle.Runtime.csproj", "{954e19d9-94df-10e7-a25f-e206c001f83c}"
EndProject
Project("{FAE04EC0-301F-11D3-BF4B-00C04F79EFBC}") = "UnityEngine.UI", "UnityEngine.UI.csproj", "{7ddcb06e-dfee-1761-fff8-91a3c801546b}"
EndProject
Project("{FAE04EC0-301F-11D3-BF4B-00C04F79EFBC}") = "Unity.TextMeshPro", "Unity.TextMeshPro.csproj", "{0d5bfea3-8096-e4f5-10fb-124f74b19dac}"
EndProject
Project("{FAE04EC0-301F-11D3-BF4B-00C04F79EFBC}") = "Unity.2D.Animation.Runtime", "Unity.2D.Animation.Runtime.csproj", "{6db019b1-1845-ddb6-2170-69dd9dc3d830}"
EndProject
Project("{FAE04EC0-301F-11D3-BF4B-00C04F79EFBC}") = "Unity.Timeline", "Unity.Timeline.csproj", "{fe72bce3-4fee-dff6-1da6-4b3b980624f1}"
EndProject
Project("{FAE04EC0-301F-11D3-BF4B-00C04F79EFBC}") = "Unity.Mathematics", "Unity.Mathematics.csproj", "{fbcf20cd-703f-5f8c-b86f-e489d6bc69ca}"
EndProject
Project("{FAE04EC0-301F-11D3-BF4B-00C04F79EFBC}") = "Unity.2D.SpriteShape.Runtime", "Unity.2D.SpriteShape.Runtime.csproj", "{a0a880ed-489f-a567-b6d0-fbddedaadb64}"
EndProject
Project("{FAE04EC0-301F-11D3-BF4B-00C04F79EFBC}") = "Assembly-CSharp", "Assembly-CSharp.csproj", "{b6d9e350-a5cb-043c-cb8b-195918986e18}"
EndProject
Project("{FAE04EC0-301F-11D3-BF4B-00C04F79EFBC}") = "Unity.2D.PixelPerfect", "Unity.2D.PixelPerfect.csproj", "{dfeb7011-4914-51dd-e5cc-71d7f68d6d3a}"
EndProject
Project("{FAE04EC0-301F-11D3-BF4B-00C04F79EFBC}") = "Unity.InternalAPIEngineBridge.001", "Unity.InternalAPIEngineBridge.001.csproj", "{b1dfc6eb-2449-0225-39e0-9f752f47afa6}"
EndProject
Project("{FAE04EC0-301F-11D3-BF4B-00C04F79EFBC}") = "Unity.2D.Common.Runtime", "Unity.2D.Common.Runtime.csproj", "{8eef98bb-71f3-9250-0f55-196fee78381e}"
EndProject
Project("{FAE04EC0-301F-11D3-BF4B-00C04F79EFBC}") = "UnityEditor.TestRunner", "UnityEditor.TestRunner.csproj", "{e0c20910-b7c3-cbff-add0-e05aa5c7043a}"
EndProject
Project("{FAE04EC0-301F-11D3-BF4B-00C04F79EFBC}") = "Unity.TextMeshPro.Editor", "Unity.TextMeshPro.Editor.csproj", "{ae4a64ba-c2a8-3fa2-3592-b34b21b128a1}"
EndProject
Project("{FAE04EC0-301F-11D3-BF4B-00C04F79EFBC}") = "Unity.Timeline.Editor", "Unity.Timeline.Editor.csproj", "{59b568b5-0e76-059c-4f87-1a430a262cbb}"
EndProject
Project("{FAE04EC0-301F-11D3-BF4B-00C04F79EFBC}") = "Unity.CollabProxy.Editor", "Unity.CollabProxy.Editor.csproj", "{536e52bc-6910-7b06-b218-2a387def4ad6}"
EndProject
Project("{FAE04EC0-301F-11D3-BF4B-00C04F79EFBC}") = "Unity.2D.Animation.Editor", "Unity.2D.Animation.Editor.csproj", "{f1fa5d64-7dea-24c8-3f04-f7f5362bb5f8}"
EndProject
Project("{FAE04EC0-301F-11D3-BF4B-00C04F79EFBC}") = "Unity.2D.Path.Editor", "Unity.2D.Path.Editor.csproj", "{4348d4b3-333c-4217-2ee5-20ed48286346}"
EndProject
Project("{FAE04EC0-301F-11D3-BF4B-00C04F79EFBC}") = "Unity.2D.Sprite.Editor", "Unity.2D.Sprite.Editor.csproj", "{c01a44e2-4bb9-4461-8be7-9a815ea24e31}"
EndProject
Project("{FAE04EC0-301F-11D3-BF4B-00C04F79EFBC}") = "UnityEditor.UI", "UnityEditor.UI.csproj", "{c5e6b063-731e-1805-5d80-dae36e79b0c9}"
EndProject
Project("{FAE04EC0-301F-11D3-BF4B-00C04F79EFBC}") = "Unity.Rider.Editor", "Unity.Rider.Editor.csproj", "{957f07a4-4db0-fda9-4e03-cb7eb150c79a}"
EndProject
Project("{FAE04EC0-301F-11D3-BF4B-00C04F79EFBC}") = "Unity.2D.Tilemap.Editor", "Unity.2D.Tilemap.Editor.csproj", "{d36d77ad-dd07-cb51-757a-e62fbda93f5a}"
EndProject
Project("{FAE04EC0-301F-11D3-BF4B-00C04F79EFBC}") = "Unity.VisualStudio.Editor", "Unity.VisualStudio.Editor.csproj", "{8603a498-0236-a223-19c6-756256d502a1}"
EndProject
Project("{FAE04EC0-301F-11D3-BF4B-00C04F79EFBC}") = "Unity.2D.SpriteShape.Editor", "Unity.2D.SpriteShape.Editor.csproj", "{c918a87c-e9b9-d7b8-cc90-bcaad732de2a}"
EndProject
Project("{FAE04EC0-301F-11D3-BF4B-00C04F79EFBC}") = "PsdPlugin", "PsdPlugin.csproj", "{15d4c7c6-781b-7e45-1be1-9450b6984470}"
EndProject
Project("{FAE04EC0-301F-11D3-BF4B-00C04F79EFBC}") = "Unity.2D.Common.Editor", "Unity.2D.Common.Editor.csproj", "{b8b31d8a-6a0c-4856-db5b-4e6fa10c8889}"
EndProject
Project("{FAE04EC0-301F-11D3-BF4B-00C04F79EFBC}") = "Unity.VSCode.Editor", "Unity.VSCode.Editor.csproj", "{92f63343-174f-4525-cca0-52890a012d74}"
EndProject
Project("{FAE04EC0-301F-11D3-BF4B-00C04F79EFBC}") = "Unity.2D.Psdimporter.Editor", "Unity.2D.Psdimporter.Editor.csproj", "{47a996fd-af3a-3360-11f1-7978c0c58f50}"
EndProject
Project("{FAE04EC0-301F-11D3-BF4B-00C04F79EFBC}") = "Unity.2D.PixelPerfect.Editor", "Unity.2D.PixelPerfect.Editor.csproj", "{8cfe38f5-8b02-9678-dc0d-45b013822548}"
EndProject
Project("{FAE04EC0-301F-11D3-BF4B-00C04F79EFBC}") = "Unity.Mathematics.Editor", "Unity.Mathematics.Editor.csproj", "{7fca34ba-0268-33b9-71bc-f175e816c421}"
EndProject
Project("{FAE04EC0-301F-11D3-BF4B-00C04F79EFBC}") = "Unity.InternalAPIEditorBridge.001", "Unity.InternalAPIEditorBridge.001.csproj", "{46d51513-a6df-1948-387f-28ce533eac72}"
EndProject
Global
	GlobalSection(SolutionConfigurationPlatforms) = preSolution
		Debug|Any CPU = Debug|Any CPU
	EndGlobalSection
	GlobalSection(ProjectConfigurationPlatforms) = postSolution
		{ab338c2d-661d-0756-c48e-db2266e79871}.Debug|Any CPU.ActiveCfg = Debug|Any CPU
		{ab338c2d-661d-0756-c48e-db2266e79871}.Debug|Any CPU.Build.0 = Debug|Any CPU
		{954e19d9-94df-10e7-a25f-e206c001f83c}.Debug|Any CPU.ActiveCfg = Debug|Any CPU
		{954e19d9-94df-10e7-a25f-e206c001f83c}.Debug|Any CPU.Build.0 = Debug|Any CPU
		{7ddcb06e-dfee-1761-fff8-91a3c801546b}.Debug|Any CPU.ActiveCfg = Debug|Any CPU
		{7ddcb06e-dfee-1761-fff8-91a3c801546b}.Debug|Any CPU.Build.0 = Debug|Any CPU
		{0d5bfea3-8096-e4f5-10fb-124f74b19dac}.Debug|Any CPU.ActiveCfg = Debug|Any CPU
		{0d5bfea3-8096-e4f5-10fb-124f74b19dac}.Debug|Any CPU.Build.0 = Debug|Any CPU
		{6db019b1-1845-ddb6-2170-69dd9dc3d830}.Debug|Any CPU.ActiveCfg = Debug|Any CPU
		{6db019b1-1845-ddb6-2170-69dd9dc3d830}.Debug|Any CPU.Build.0 = Debug|Any CPU
		{fe72bce3-4fee-dff6-1da6-4b3b980624f1}.Debug|Any CPU.ActiveCfg = Debug|Any CPU
		{fe72bce3-4fee-dff6-1da6-4b3b980624f1}.Debug|Any CPU.Build.0 = Debug|Any CPU
		{fbcf20cd-703f-5f8c-b86f-e489d6bc69ca}.Debug|Any CPU.ActiveCfg = Debug|Any CPU
		{fbcf20cd-703f-5f8c-b86f-e489d6bc69ca}.Debug|Any CPU.Build.0 = Debug|Any CPU
		{a0a880ed-489f-a567-b6d0-fbddedaadb64}.Debug|Any CPU.ActiveCfg = Debug|Any CPU
		{a0a880ed-489f-a567-b6d0-fbddedaadb64}.Debug|Any CPU.Build.0 = Debug|Any CPU
		{b6d9e350-a5cb-043c-cb8b-195918986e18}.Debug|Any CPU.ActiveCfg = Debug|Any CPU
		{b6d9e350-a5cb-043c-cb8b-195918986e18}.Debug|Any CPU.Build.0 = Debug|Any CPU
		{dfeb7011-4914-51dd-e5cc-71d7f68d6d3a}.Debug|Any CPU.ActiveCfg = Debug|Any CPU
		{dfeb7011-4914-51dd-e5cc-71d7f68d6d3a}.Debug|Any CPU.Build.0 = Debug|Any CPU
		{b1dfc6eb-2449-0225-39e0-9f752f47afa6}.Debug|Any CPU.ActiveCfg = Debug|Any CPU
		{b1dfc6eb-2449-0225-39e0-9f752f47afa6}.Debug|Any CPU.Build.0 = Debug|Any CPU
		{8eef98bb-71f3-9250-0f55-196fee78381e}.Debug|Any CPU.ActiveCfg = Debug|Any CPU
		{8eef98bb-71f3-9250-0f55-196fee78381e}.Debug|Any CPU.Build.0 = Debug|Any CPU
		{e0c20910-b7c3-cbff-add0-e05aa5c7043a}.Debug|Any CPU.ActiveCfg = Debug|Any CPU
		{e0c20910-b7c3-cbff-add0-e05aa5c7043a}.Debug|Any CPU.Build.0 = Debug|Any CPU
		{ae4a64ba-c2a8-3fa2-3592-b34b21b128a1}.Debug|Any CPU.ActiveCfg = Debug|Any CPU
		{ae4a64ba-c2a8-3fa2-3592-b34b21b128a1}.Debug|Any CPU.Build.0 = Debug|Any CPU
		{59b568b5-0e76-059c-4f87-1a430a262cbb}.Debug|Any CPU.ActiveCfg = Debug|Any CPU
		{59b568b5-0e76-059c-4f87-1a430a262cbb}.Debug|Any CPU.Build.0 = Debug|Any CPU
		{536e52bc-6910-7b06-b218-2a387def4ad6}.Debug|Any CPU.ActiveCfg = Debug|Any CPU
		{536e52bc-6910-7b06-b218-2a387def4ad6}.Debug|Any CPU.Build.0 = Debug|Any CPU
		{f1fa5d64-7dea-24c8-3f04-f7f5362bb5f8}.Debug|Any CPU.ActiveCfg = Debug|Any CPU
		{f1fa5d64-7dea-24c8-3f04-f7f5362bb5f8}.Debug|Any CPU.Build.0 = Debug|Any CPU
		{4348d4b3-333c-4217-2ee5-20ed48286346}.Debug|Any CPU.ActiveCfg = Debug|Any CPU
		{4348d4b3-333c-4217-2ee5-20ed48286346}.Debug|Any CPU.Build.0 = Debug|Any CPU
		{c01a44e2-4bb9-4461-8be7-9a815ea24e31}.Debug|Any CPU.ActiveCfg = Debug|Any CPU
		{c01a44e2-4bb9-4461-8be7-9a815ea24e31}.Debug|Any CPU.Build.0 = Debug|Any CPU
		{c5e6b063-731e-1805-5d80-dae36e79b0c9}.Debug|Any CPU.ActiveCfg = Debug|Any CPU
		{c5e6b063-731e-1805-5d80-dae36e79b0c9}.Debug|Any CPU.Build.0 = Debug|Any CPU
		{957f07a4-4db0-fda9-4e03-cb7eb150c79a}.Debug|Any CPU.ActiveCfg = Debug|Any CPU
		{957f07a4-4db0-fda9-4e03-cb7eb150c79a}.Debug|Any CPU.Build.0 = Debug|Any CPU
		{d36d77ad-dd07-cb51-757a-e62fbda93f5a}.Debug|Any CPU.ActiveCfg = Debug|Any CPU
		{d36d77ad-dd07-cb51-757a-e62fbda93f5a}.Debug|Any CPU.Build.0 = Debug|Any CPU
		{8603a498-0236-a223-19c6-756256d502a1}.Debug|Any CPU.ActiveCfg = Debug|Any CPU
		{8603a498-0236-a223-19c6-756256d502a1}.Debug|Any CPU.Build.0 = Debug|Any CPU
		{c918a87c-e9b9-d7b8-cc90-bcaad732de2a}.Debug|Any CPU.ActiveCfg = Debug|Any CPU
		{c918a87c-e9b9-d7b8-cc90-bcaad732de2a}.Debug|Any CPU.Build.0 = Debug|Any CPU
		{15d4c7c6-781b-7e45-1be1-9450b6984470}.Debug|Any CPU.ActiveCfg = Debug|Any CPU
		{15d4c7c6-781b-7e45-1be1-9450b6984470}.Debug|Any CPU.Build.0 = Debug|Any CPU
		{b8b31d8a-6a0c-4856-db5b-4e6fa10c8889}.Debug|Any CPU.ActiveCfg = Debug|Any CPU
		{b8b31d8a-6a0c-4856-db5b-4e6fa10c8889}.Debug|Any CPU.Build.0 = Debug|Any CPU
		{92f63343-174f-4525-cca0-52890a012d74}.Debug|Any CPU.ActiveCfg = Debug|Any CPU
		{92f63343-174f-4525-cca0-52890a012d74}.Debug|Any CPU.Build.0 = Debug|Any CPU
		{47a996fd-af3a-3360-11f1-7978c0c58f50}.Debug|Any CPU.ActiveCfg = Debug|Any CPU
		{47a996fd-af3a-3360-11f1-7978c0c58f50}.Debug|Any CPU.Build.0 = Debug|Any CPU
		{8cfe38f5-8b02-9678-dc0d-45b013822548}.Debug|Any CPU.ActiveCfg = Debug|Any CPU
		{8cfe38f5-8b02-9678-dc0d-45b013822548}.Debug|Any CPU.Build.0 = Debug|Any CPU
		{7fca34ba-0268-33b9-71bc-f175e816c421}.Debug|Any CPU.ActiveCfg = Debug|Any CPU
		{7fca34ba-0268-33b9-71bc-f175e816c421}.Debug|Any CPU.Build.0 = Debug|Any CPU
		{46d51513-a6df-1948-387f-28ce533eac72}.Debug|Any CPU.ActiveCfg = Debug|Any CPU
		{46d51513-a6df-1948-387f-28ce533eac72}.Debug|Any CPU.Build.0 = Debug|Any CPU
	EndGlobalSection
	GlobalSection(SolutionProperties) = preSolution
		HideSolutionNode = FALSE
	EndGlobalSection
EndGlobal
